
Microsoft Visual Studio Solution File, Format Version 12.00
# Visual Studio Version 16
VisualStudioVersion = 16.0.31424.327
MinimumVisualStudioVersion = 10.0.40219.1
Project("{FAE04EC0-301F-11D3-BF4B-00C04F79EFBC}") = "18.Manual.Interfaces.01", "18.Manual.Interfaces.01\18.Manual.Interfaces.01.csproj", "{3C2C3E9E-F56C-40E9-AAAE-0F966B6932BC}"
EndProject
Global
	GlobalSection(SolutionConfigurationPlatforms) = preSolution
		Debug|Any CPU = Debug|Any CPU
		Release|Any CPU = Release|Any CPU
	EndGlobalSection
	GlobalSection(ProjectConfigurationPlatforms) = postSolution
		{3C2C3E9E-F56C-40E9-AAAE-0F966B6932BC}.Debug|Any CPU.ActiveCfg = Debug|Any CPU
		{3C2C3E9E-F56C-40E9-AAAE-0F966B6932BC}.Debug|Any CPU.Build.0 = Debug|Any CPU
		{3C2C3E9E-F56C-40E9-AAAE-0F966B6932BC}.Release|Any CPU.ActiveCfg = Release|Any CPU
		{3C2C3E9E-F56C-40E9-AAAE-0F966B6932BC}.Release|Any CPU.Build.0 = Release|Any CPU
	EndGlobalSection
	GlobalSection(SolutionProperties) = preSolution
		HideSolutionNode = FALSE
	EndGlobalSection
	GlobalSection(ExtensibilityGlobals) = postSolution
		SolutionGuid = {3778F232-5201-41B8-B394-B5539B25B475}
	EndGlobalSection
EndGlobal
